
Microsoft Visual Studio Solution File, Format Version 12.00
# Visual Studio Version 16
VisualStudioVersion = 16.0.31019.35
MinimumVisualStudioVersion = 10.0.40219.1
Project("{FAE04EC0-301F-11D3-BF4B-00C04F79EFBC}") = "Lab 5 Chat", "Lab 5 Chat.csproj", "{1639F65F-41F1-4FD6-91D6-14CC1DF83E77}"
EndProject
Global
	GlobalSection(SolutionConfigurationPlatforms) = preSolution
		Debug|Any CPU = Debug|Any CPU
		Release|Any CPU = Release|Any CPU
	EndGlobalSection
	GlobalSection(ProjectConfigurationPlatforms) = postSolution
		{1639F65F-41F1-4FD6-91D6-14CC1DF83E77}.Debug|Any CPU.ActiveCfg = Debug|Any CPU
		{1639F65F-41F1-4FD6-91D6-14CC1DF83E77}.Debug|Any CPU.Build.0 = Debug|Any CPU
		{1639F65F-41F1-4FD6-91D6-14CC1DF83E77}.Release|Any CPU.ActiveCfg = Release|Any CPU
		{1639F65F-41F1-4FD6-91D6-14CC1DF83E77}.Release|Any CPU.Build.0 = Release|Any CPU
	EndGlobalSection
	GlobalSection(SolutionProperties) = preSolution
		HideSolutionNode = FALSE
	EndGlobalSection
	GlobalSection(ExtensibilityGlobals) = postSolution
		SolutionGuid = {1CE903DB-F1EE-4325-A446-7A5150600915}
	EndGlobalSection
EndGlobal
